
Microsoft Visual Studio Solution File, Format Version 12.00
# Visual Studio Version 16
VisualStudioVersion = 16.0.30114.105
MinimumVisualStudioVersion = 10.0.40219.1
Project("{2150E333-8FDC-42A3-9474-1A3956D46DE8}") = "src", "src", "{964005A3-3576-4C7B-AB34-0E3FB12647CF}"
EndProject
Project("{2150E333-8FDC-42A3-9474-1A3956D46DE8}") = "Services", "Services", "{ECCB00C0-88A5-4AA0-B087-71D40192A5EC}"
EndProject
Project("{2150E333-8FDC-42A3-9474-1A3956D46DE8}") = "Implementations", "Implementations", "{7DEBDF5F-65DA-43AA-A575-EDDA0B36258F}"
EndProject
Project("{2150E333-8FDC-42A3-9474-1A3956D46DE8}") = "Abstractions", "Abstractions", "{EB0EF25E-8661-49A0-8C4D-B9291456F282}"
EndProject
Project("{FAE04EC0-301F-11D3-BF4B-00C04F79EFBC}") = "MultiConverter.Services.Abstractions", "src\MultiConverter.Services.Abstractions\MultiConverter.Services.Abstractions.csproj", "{2D083104-C547-4509-8A11-C6D74094BDEB}"
EndProject
Project("{FAE04EC0-301F-11D3-BF4B-00C04F79EFBC}") = "MultiConverter.Services.Settings", "src\MultiConverter.Services.Settings\MultiConverter.Services.Settings.csproj", "{C37028B8-D655-4B6A-8C6E-66D94BE3571B}"
EndProject
Project("{2150E333-8FDC-42A3-9474-1A3956D46DE8}") = "tests", "tests", "{630D301C-9335-4B0C-BD2B-700312A6A3F1}"
EndProject
Project("{2150E333-8FDC-42A3-9474-1A3956D46DE8}") = "Services", "Services", "{EC88467F-41FD-439A-9074-1383564CB2F6}"
EndProject
Project("{2150E333-8FDC-42A3-9474-1A3956D46DE8}") = "Implementations", "Implementations", "{F9430786-B93E-4998-B983-C80C54552908}"
EndProject
Project("{FAE04EC0-301F-11D3-BF4B-00C04F79EFBC}") = "MultiConverter.Services.SettingsFixtures", "tests\MultiConverter.Services.SettingsFixtures\MultiConverter.Services.SettingsFixtures.csproj", "{EE8506B9-23F3-425D-A146-60D994381841}"
EndProject
Project("{2150E333-8FDC-42A3-9474-1A3956D46DE8}") = "Solution Items", "Solution Items", "{D32FD39E-8599-4EBD-A010-DCBD47387A24}"
	ProjectSection(SolutionItems) = preProject
		README.md = README.md
		.editorconfig = .editorconfig
	EndProjectSection
EndProject
Project("{2150E333-8FDC-42A3-9474-1A3956D46DE8}") = "Models", "Models", "{12BB63F6-7EBC-48EF-938A-AB60E0BB5603}"
EndProject
Project("{FAE04EC0-301F-11D3-BF4B-00C04F79EFBC}") = "MultiConverter.Models", "src\MultiConverter.Models\MultiConverter.Models.csproj", "{28D57A5E-0E2F-4AF6-AAAC-3A7536FA5627}"
EndProject
Project("{FAE04EC0-301F-11D3-BF4B-00C04F79EFBC}") = "MultiConverter.Services.Media", "src\MultiConverter.Services.Media\MultiConverter.Services.Media.csproj", "{DA800CE9-F966-404E-94E7-42DDC4A5F0E1}"
EndProject
Project("{FAE04EC0-301F-11D3-BF4B-00C04F79EFBC}") = "MultiConverter.Services.MediaFixtures", "tests\MultiConverter.Services.MediaFixtures\MultiConverter.Services.MediaFixtures.csproj", "{F0E8A1B5-E8CD-452F-8057-E086F58347A6}"
EndProject
Project("{FAE04EC0-301F-11D3-BF4B-00C04F79EFBC}") = "MultiConverter.Services.Scanner", "src\MultiConverter.Services.Scanner\MultiConverter.Services.Scanner.csproj", "{5A33F96C-DDF8-4C1B-9BD9-ED7ECC8C9376}"
EndProject
Project("{2150E333-8FDC-42A3-9474-1A3956D46DE8}") = "Common", "Common", "{BBB5AC8A-F501-4472-BFD3-C7C8201372F8}"
EndProject
Project("{FAE04EC0-301F-11D3-BF4B-00C04F79EFBC}") = "MultiConverter.Common", "src\MultiConverter.Common\MultiConverter.Common.csproj", "{FE25855A-E90E-42D7-B549-B86A31889306}"
EndProject
Project("{FAE04EC0-301F-11D3-BF4B-00C04F79EFBC}") = "MultiConverter.Services.ScannerFixtures", "tests\MultiConverter.Services.ScannerFixtures\MultiConverter.Services.ScannerFixtures.csproj", "{54E6970B-3D9F-4B9F-A5AB-37BF49EF80F8}"
EndProject
Project("{2150E333-8FDC-42A3-9474-1A3956D46DE8}") = "Common", "Common", "{F58AF130-9760-4BB1-B710-BD7F4FC10B58}"
EndProject
Project("{FAE04EC0-301F-11D3-BF4B-00C04F79EFBC}") = "MultiConverter.Common.Testing", "tests\MultiConverter.Common.Testing\MultiConverter.Common.Testing.csproj", "{8967410D-61AD-4313-969E-3081F6CB3FDA}"
EndProject
Global
	GlobalSection(SolutionConfigurationPlatforms) = preSolution
		Debug|Any CPU = Debug|Any CPU
		Release|Any CPU = Release|Any CPU
	EndGlobalSection
	GlobalSection(SolutionProperties) = preSolution
		HideSolutionNode = FALSE
	EndGlobalSection
	GlobalSection(NestedProjects) = preSolution
		{ECCB00C0-88A5-4AA0-B087-71D40192A5EC} = {964005A3-3576-4C7B-AB34-0E3FB12647CF}
		{7DEBDF5F-65DA-43AA-A575-EDDA0B36258F} = {ECCB00C0-88A5-4AA0-B087-71D40192A5EC}
		{EB0EF25E-8661-49A0-8C4D-B9291456F282} = {ECCB00C0-88A5-4AA0-B087-71D40192A5EC}
		{2D083104-C547-4509-8A11-C6D74094BDEB} = {EB0EF25E-8661-49A0-8C4D-B9291456F282}
		{C37028B8-D655-4B6A-8C6E-66D94BE3571B} = {7DEBDF5F-65DA-43AA-A575-EDDA0B36258F}
		{EC88467F-41FD-439A-9074-1383564CB2F6} = {630D301C-9335-4B0C-BD2B-700312A6A3F1}
		{F9430786-B93E-4998-B983-C80C54552908} = {EC88467F-41FD-439A-9074-1383564CB2F6}
		{EE8506B9-23F3-425D-A146-60D994381841} = {F9430786-B93E-4998-B983-C80C54552908}
		{12BB63F6-7EBC-48EF-938A-AB60E0BB5603} = {964005A3-3576-4C7B-AB34-0E3FB12647CF}
		{28D57A5E-0E2F-4AF6-AAAC-3A7536FA5627} = {12BB63F6-7EBC-48EF-938A-AB60E0BB5603}
		{DA800CE9-F966-404E-94E7-42DDC4A5F0E1} = {7DEBDF5F-65DA-43AA-A575-EDDA0B36258F}
		{F0E8A1B5-E8CD-452F-8057-E086F58347A6} = {F9430786-B93E-4998-B983-C80C54552908}
		{5A33F96C-DDF8-4C1B-9BD9-ED7ECC8C9376} = {7DEBDF5F-65DA-43AA-A575-EDDA0B36258F}
		{BBB5AC8A-F501-4472-BFD3-C7C8201372F8} = {964005A3-3576-4C7B-AB34-0E3FB12647CF}
		{FE25855A-E90E-42D7-B549-B86A31889306} = {BBB5AC8A-F501-4472-BFD3-C7C8201372F8}
		{54E6970B-3D9F-4B9F-A5AB-37BF49EF80F8} = {F9430786-B93E-4998-B983-C80C54552908}
		{F58AF130-9760-4BB1-B710-BD7F4FC10B58} = {630D301C-9335-4B0C-BD2B-700312A6A3F1}
		{8967410D-61AD-4313-969E-3081F6CB3FDA} = {F58AF130-9760-4BB1-B710-BD7F4FC10B58}
	EndGlobalSection
	GlobalSection(ProjectConfigurationPlatforms) = postSolution
		{2D083104-C547-4509-8A11-C6D74094BDEB}.Debug|Any CPU.ActiveCfg = Debug|Any CPU
		{2D083104-C547-4509-8A11-C6D74094BDEB}.Debug|Any CPU.Build.0 = Debug|Any CPU
		{2D083104-C547-4509-8A11-C6D74094BDEB}.Release|Any CPU.ActiveCfg = Release|Any CPU
		{2D083104-C547-4509-8A11-C6D74094BDEB}.Release|Any CPU.Build.0 = Release|Any CPU
		{C37028B8-D655-4B6A-8C6E-66D94BE3571B}.Debug|Any CPU.ActiveCfg = Debug|Any CPU
		{C37028B8-D655-4B6A-8C6E-66D94BE3571B}.Debug|Any CPU.Build.0 = Debug|Any CPU
		{C37028B8-D655-4B6A-8C6E-66D94BE3571B}.Release|Any CPU.ActiveCfg = Release|Any CPU
		{C37028B8-D655-4B6A-8C6E-66D94BE3571B}.Release|Any CPU.Build.0 = Release|Any CPU
		{EE8506B9-23F3-425D-A146-60D994381841}.Debug|Any CPU.ActiveCfg = Debug|Any CPU
		{EE8506B9-23F3-425D-A146-60D994381841}.Debug|Any CPU.Build.0 = Debug|Any CPU
		{EE8506B9-23F3-425D-A146-60D994381841}.Release|Any CPU.ActiveCfg = Release|Any CPU
		{EE8506B9-23F3-425D-A146-60D994381841}.Release|Any CPU.Build.0 = Release|Any CPU
		{28D57A5E-0E2F-4AF6-AAAC-3A7536FA5627}.Debug|Any CPU.ActiveCfg = Debug|Any CPU
		{28D57A5E-0E2F-4AF6-AAAC-3A7536FA5627}.Debug|Any CPU.Build.0 = Debug|Any CPU
		{28D57A5E-0E2F-4AF6-AAAC-3A7536FA5627}.Release|Any CPU.ActiveCfg = Release|Any CPU
		{28D57A5E-0E2F-4AF6-AAAC-3A7536FA5627}.Release|Any CPU.Build.0 = Release|Any CPU
		{DA800CE9-F966-404E-94E7-42DDC4A5F0E1}.Debug|Any CPU.ActiveCfg = Debug|Any CPU
		{DA800CE9-F966-404E-94E7-42DDC4A5F0E1}.Debug|Any CPU.Build.0 = Debug|Any CPU
		{DA800CE9-F966-404E-94E7-42DDC4A5F0E1}.Release|Any CPU.ActiveCfg = Release|Any CPU
		{DA800CE9-F966-404E-94E7-42DDC4A5F0E1}.Release|Any CPU.Build.0 = Release|Any CPU
		{F0E8A1B5-E8CD-452F-8057-E086F58347A6}.Debug|Any CPU.ActiveCfg = Debug|Any CPU
		{F0E8A1B5-E8CD-452F-8057-E086F58347A6}.Debug|Any CPU.Build.0 = Debug|Any CPU
		{F0E8A1B5-E8CD-452F-8057-E086F58347A6}.Release|Any CPU.ActiveCfg = Release|Any CPU
		{F0E8A1B5-E8CD-452F-8057-E086F58347A6}.Release|Any CPU.Build.0 = Release|Any CPU
		{5A33F96C-DDF8-4C1B-9BD9-ED7ECC8C9376}.Debug|Any CPU.ActiveCfg = Debug|Any CPU
		{5A33F96C-DDF8-4C1B-9BD9-ED7ECC8C9376}.Debug|Any CPU.Build.0 = Debug|Any CPU
		{5A33F96C-DDF8-4C1B-9BD9-ED7ECC8C9376}.Release|Any CPU.ActiveCfg = Release|Any CPU
		{5A33F96C-DDF8-4C1B-9BD9-ED7ECC8C9376}.Release|Any CPU.Build.0 = Release|Any CPU
		{FE25855A-E90E-42D7-B549-B86A31889306}.Debug|Any CPU.ActiveCfg = Debug|Any CPU
		{FE25855A-E90E-42D7-B549-B86A31889306}.Debug|Any CPU.Build.0 = Debug|Any CPU
		{FE25855A-E90E-42D7-B549-B86A31889306}.Release|Any CPU.ActiveCfg = Release|Any CPU
		{FE25855A-E90E-42D7-B549-B86A31889306}.Release|Any CPU.Build.0 = Release|Any CPU
		{54E6970B-3D9F-4B9F-A5AB-37BF49EF80F8}.Debug|Any CPU.ActiveCfg = Debug|Any CPU
		{54E6970B-3D9F-4B9F-A5AB-37BF49EF80F8}.Debug|Any CPU.Build.0 = Debug|Any CPU
		{54E6970B-3D9F-4B9F-A5AB-37BF49EF80F8}.Release|Any CPU.ActiveCfg = Release|Any CPU
		{54E6970B-3D9F-4B9F-A5AB-37BF49EF80F8}.Release|Any CPU.Build.0 = Release|Any CPU
		{8967410D-61AD-4313-969E-3081F6CB3FDA}.Debug|Any CPU.ActiveCfg = Debug|Any CPU
		{8967410D-61AD-4313-969E-3081F6CB3FDA}.Debug|Any CPU.Build.0 = Debug|Any CPU
		{8967410D-61AD-4313-969E-3081F6CB3FDA}.Release|Any CPU.ActiveCfg = Release|Any CPU
		{8967410D-61AD-4313-969E-3081F6CB3FDA}.Release|Any CPU.Build.0 = Release|Any CPU
	EndGlobalSection
EndGlobal
